// !$*UTF8*$!
{
	archiveVersion = 1;
	classes = {
	};
	objectVersion = 51;
	objects = {

/* Begin PBXBuildFile section */
		79160A33235F4AF1006EF922 /* Meta.storyboard in Resources */ = {isa = PBXBuildFile; fileRef = 79160A32235F4AF1006EF922 /* Meta.storyboard */; };
		79270333235DB2070002D82B /* DBOperations.swift in Sources */ = {isa = PBXBuildFile; fileRef = 79270332235DB2070002D82B /* DBOperations.swift */; };
		79270336235DC1A60002D82B /* Notes.storyboard in Resources */ = {isa = PBXBuildFile; fileRef = 79270335235DC1A60002D82B /* Notes.storyboard */; };
		79270338235DC2110002D82B /* NotesVC.swift in Sources */ = {isa = PBXBuildFile; fileRef = 79270337235DC2110002D82B /* NotesVC.swift */; };
		7937231C235C863C00EC1344 /* TimeLine.storyboard in Resources */ = {isa = PBXBuildFile; fileRef = 7937231B235C863C00EC1344 /* TimeLine.storyboard */; };
		7937231E235C867900EC1344 /* TimeLineVC.swift in Sources */ = {isa = PBXBuildFile; fileRef = 7937231D235C867900EC1344 /* TimeLineVC.swift */; };
		79372320235C878400EC1344 /* TimeLineTableViewCell.swift in Sources */ = {isa = PBXBuildFile; fileRef = 7937231F235C878400EC1344 /* TimeLineTableViewCell.swift */; };
		79372323235C91D100EC1344 /* ProgrammeDetails.storyboard in Resources */ = {isa = PBXBuildFile; fileRef = 79372322235C91D100EC1344 /* ProgrammeDetails.storyboard */; };
		79372325235C931900EC1344 /* ProgrameDetailsVC.swift in Sources */ = {isa = PBXBuildFile; fileRef = 79372324235C931900EC1344 /* ProgrameDetailsVC.swift */; };
		79372328235CAB5500EC1344 /* Notes.xcdatamodeld in Sources */ = {isa = PBXBuildFile; fileRef = 79372326235CAB5500EC1344 /* Notes.xcdatamodeld */; };
		794FA32A235757E000D7B2B1 /* SpeakerTableViewCell.swift in Sources */ = {isa = PBXBuildFile; fileRef = 794FA329235757E000D7B2B1 /* SpeakerTableViewCell.swift */; };
		794FA32D2357649A00D7B2B1 /* Sponsor.storyboard in Resources */ = {isa = PBXBuildFile; fileRef = 794FA32C2357649A00D7B2B1 /* Sponsor.storyboard */; };
		794FA32F235765B000D7B2B1 /* SponsorVC.swift in Sources */ = {isa = PBXBuildFile; fileRef = 794FA32E235765B000D7B2B1 /* SponsorVC.swift */; };
		794FA3312357664400D7B2B1 /* SponsorTableViewCell.swift in Sources */ = {isa = PBXBuildFile; fileRef = 794FA3302357664400D7B2B1 /* SponsorTableViewCell.swift */; };
		794FA33423576B3F00D7B2B1 /* BoothBook.storyboard in Resources */ = {isa = PBXBuildFile; fileRef = 794FA33323576B3F00D7B2B1 /* BoothBook.storyboard */; };
		794FA33623576BF400D7B2B1 /* BoothBookTableViewCell.swift in Sources */ = {isa = PBXBuildFile; fileRef = 794FA33523576BF400D7B2B1 /* BoothBookTableViewCell.swift */; };
		794FA33823576C1300D7B2B1 /* BoothBookVC.swift in Sources */ = {isa = PBXBuildFile; fileRef = 794FA33723576C1300D7B2B1 /* BoothBookVC.swift */; };
		796A87A423606B7100F50059 /* MetaVC.swift in Sources */ = {isa = PBXBuildFile; fileRef = 796A87A323606B7100F50059 /* MetaVC.swift */; };
		79C16FD02356290100595E61 /* HomeViewController.swift in Sources */ = {isa = PBXBuildFile; fileRef = 79C16FCF2356290100595E61 /* HomeViewController.swift */; };
		79D7957E23570CC400DC7D00 /* Programme.storyboard in Resources */ = {isa = PBXBuildFile; fileRef = 79D7957D23570CC400DC7D00 /* Programme.storyboard */; };
		79D795802357131600DC7D00 /* ProgrammeVC.swift in Sources */ = {isa = PBXBuildFile; fileRef = 79D7957F2357131600DC7D00 /* ProgrammeVC.swift */; };
		79D795822357137200DC7D00 /* PrgogrammeCell.swift in Sources */ = {isa = PBXBuildFile; fileRef = 79D795812357137200DC7D00 /* PrgogrammeCell.swift */; };
		79D795842357204300DC7D00 /* StringExtension.swift in Sources */ = {isa = PBXBuildFile; fileRef = 79D795832357204300DC7D00 /* StringExtension.swift */; };
		79D795872357271E00DC7D00 /* Speaker.storyboard in Resources */ = {isa = PBXBuildFile; fileRef = 79D795862357271E00DC7D00 /* Speaker.storyboard */; };
		79D795892357274600DC7D00 /* SpeakerVC.swift in Sources */ = {isa = PBXBuildFile; fileRef = 79D795882357274600DC7D00 /* SpeakerVC.swift */; };
		79DF0F312355AF5F00ECBD93 /* ServerOperations.swift in Sources */ = {isa = PBXBuildFile; fileRef = 79DF0F302355AF5F00ECBD93 /* ServerOperations.swift */; };
		79DF0F342355BA0A00ECBD93 /* Programme.swift in Sources */ = {isa = PBXBuildFile; fileRef = 79DF0F332355BA0A00ECBD93 /* Programme.swift */; };
		79DF0F362355BA5A00ECBD93 /* Attendance.swift in Sources */ = {isa = PBXBuildFile; fileRef = 79DF0F352355BA5A00ECBD93 /* Attendance.swift */; };
		79DF0F382355BA7F00ECBD93 /* Booth.swift in Sources */ = {isa = PBXBuildFile; fileRef = 79DF0F372355BA7F00ECBD93 /* Booth.swift */; };
		79DF0F3A2355BAA900ECBD93 /* BoothBook.swift in Sources */ = {isa = PBXBuildFile; fileRef = 79DF0F392355BAA900ECBD93 /* BoothBook.swift */; };
		79DF0F3C2355BAD600ECBD93 /* Employee.swift in Sources */ = {isa = PBXBuildFile; fileRef = 79DF0F3B2355BAD600ECBD93 /* Employee.swift */; };
		79DF0F3E2355BB0F00ECBD93 /* Guest.swift in Sources */ = {isa = PBXBuildFile; fileRef = 79DF0F3D2355BB0F00ECBD93 /* Guest.swift */; };
		79DF0F402355BB3B00ECBD93 /* MetaAssist.swift in Sources */ = {isa = PBXBuildFile; fileRef = 79DF0F3F2355BB3B00ECBD93 /* MetaAssist.swift */; };
		79DF0F422355BB7600ECBD93 /* Question.swift in Sources */ = {isa = PBXBuildFile; fileRef = 79DF0F412355BB7600ECBD93 /* Question.swift */; };
		79DF0F442355BB9C00ECBD93 /* Room.swift in Sources */ = {isa = PBXBuildFile; fileRef = 79DF0F432355BB9C00ECBD93 /* Room.swift */; };
		79DF0F462355BBB500ECBD93 /* Speaker.swift in Sources */ = {isa = PBXBuildFile; fileRef = 79DF0F452355BBB500ECBD93 /* Speaker.swift */; };
		79DF0F482355BBCD00ECBD93 /* Sponsor.swift in Sources */ = {isa = PBXBuildFile; fileRef = 79DF0F472355BBCD00ECBD93 /* Sponsor.swift */; };
		79DF0F4A2355BBEA00ECBD93 /* Timeline.swift in Sources */ = {isa = PBXBuildFile; fileRef = 79DF0F492355BBEA00ECBD93 /* Timeline.swift */; };
		79DF0F4D2355C8B800ECBD93 /* AppUIView.swift in Sources */ = {isa = PBXBuildFile; fileRef = 79DF0F4C2355C8B800ECBD93 /* AppUIView.swift */; };
		79DF0F4F2355CA9000ECBD93 /* RoundedImage.swift in Sources */ = {isa = PBXBuildFile; fileRef = 79DF0F4E2355CA9000ECBD93 /* RoundedImage.swift */; };
		79DF0F522355CEF900ECBD93 /* TypeCollectionViewCell.swift in Sources */ = {isa = PBXBuildFile; fileRef = 79DF0F512355CEF900ECBD93 /* TypeCollectionViewCell.swift */; };
		79DF0F542355DA7F00ECBD93 /* RoundedUIButton.swift in Sources */ = {isa = PBXBuildFile; fileRef = 79DF0F532355DA7F00ECBD93 /* RoundedUIButton.swift */; };
		79DF0F562355DB3300ECBD93 /* AppTextField.swift in Sources */ = {isa = PBXBuildFile; fileRef = 79DF0F552355DB3300ECBD93 /* AppTextField.swift */; };
		79DF0F592355DDA900ECBD93 /* SpeakerLoginVC.swift in Sources */ = {isa = PBXBuildFile; fileRef = 79DF0F582355DDA900ECBD93 /* SpeakerLoginVC.swift */; };
		79DF0F5B2355DDB800ECBD93 /* CompanyLoginVC.swift in Sources */ = {isa = PBXBuildFile; fileRef = 79DF0F5A2355DDB800ECBD93 /* CompanyLoginVC.swift */; };
		79DF0F5D2355DDCE00ECBD93 /* GuestLoginVC.swift in Sources */ = {isa = PBXBuildFile; fileRef = 79DF0F5C2355DDCE00ECBD93 /* GuestLoginVC.swift */; };
		79DF0F5F2355EBA500ECBD93 /* GuestRegisterVC.swift in Sources */ = {isa = PBXBuildFile; fileRef = 79DF0F5E2355EBA500ECBD93 /* GuestRegisterVC.swift */; };
		79DF0F62235604AC00ECBD93 /* Home.storyboard in Resources */ = {isa = PBXBuildFile; fileRef = 79DF0F61235604AC00ECBD93 /* Home.storyboard */; };
		79E32F1D23548178006E5AA1 /* AppDelegate.swift in Sources */ = {isa = PBXBuildFile; fileRef = 79E32F1C23548178006E5AA1 /* AppDelegate.swift */; };
		79E32F2223548178006E5AA1 /* Main.storyboard in Resources */ = {isa = PBXBuildFile; fileRef = 79E32F2023548178006E5AA1 /* Main.storyboard */; };
		79E32F242354817C006E5AA1 /* Assets.xcassets in Resources */ = {isa = PBXBuildFile; fileRef = 79E32F232354817C006E5AA1 /* Assets.xcassets */; };
		79E32F272354817C006E5AA1 /* LaunchScreen.storyboard in Resources */ = {isa = PBXBuildFile; fileRef = 79E32F252354817C006E5AA1 /* LaunchScreen.storyboard */; };
		79E32F2F235486C6006E5AA1 /* chooseController.swift in Sources */ = {isa = PBXBuildFile; fileRef = 79E32F2E235486C6006E5AA1 /* chooseController.swift */; };
		79E32F352354A893006E5AA1 /* ViewExtension.swift in Sources */ = {isa = PBXBuildFile; fileRef = 79E32F342354A893006E5AA1 /* ViewExtension.swift */; };
		79E32F382354AAB4006E5AA1 /* ViewControllerExtension.swift in Sources */ = {isa = PBXBuildFile; fileRef = 79E32F372354AAB4006E5AA1 /* ViewControllerExtension.swift */; };
		ED5FE34FE7486B6340145940 /* Pods_eddw.framework in Frameworks */ = {isa = PBXBuildFile; fileRef = 33540F1F15662325940416AC /* Pods_eddw.framework */; };
/* End PBXBuildFile section */

/* Begin PBXFileReference section */
		33540F1F15662325940416AC /* Pods_eddw.framework */ = {isa = PBXFileReference; explicitFileType = wrapper.framework; includeInIndex = 0; path = Pods_eddw.framework; sourceTree = BUILT_PRODUCTS_DIR; };
		56D89CFED6E80528EB09FB53 /* Pods-eddw.debug.xcconfig */ = {isa = PBXFileReference; includeInIndex = 1; lastKnownFileType = text.xcconfig; name = "Pods-eddw.debug.xcconfig"; path = "Target Support Files/Pods-eddw/Pods-eddw.debug.xcconfig"; sourceTree = "<group>"; };
		79160A32235F4AF1006EF922 /* Meta.storyboard */ = {isa = PBXFileReference; lastKnownFileType = file.storyboard; path = Meta.storyboard; sourceTree = "<group>"; };
		79270332235DB2070002D82B /* DBOperations.swift */ = {isa = PBXFileReference; lastKnownFileType = sourcecode.swift; path = DBOperations.swift; sourceTree = "<group>"; };
		79270335235DC1A60002D82B /* Notes.storyboard */ = {isa = PBXFileReference; lastKnownFileType = file.storyboard; path = Notes.storyboard; sourceTree = "<group>"; };
		79270337235DC2110002D82B /* NotesVC.swift */ = {isa = PBXFileReference; lastKnownFileType = sourcecode.swift; path = NotesVC.swift; sourceTree = "<group>"; };
		7937231B235C863C00EC1344 /* TimeLine.storyboard */ = {isa = PBXFileReference; lastKnownFileType = file.storyboard; path = TimeLine.storyboard; sourceTree = "<group>"; };
		7937231D235C867900EC1344 /* TimeLineVC.swift */ = {isa = PBXFileReference; lastKnownFileType = sourcecode.swift; path = TimeLineVC.swift; sourceTree = "<group>"; };
		7937231F235C878400EC1344 /* TimeLineTableViewCell.swift */ = {isa = PBXFileReference; lastKnownFileType = sourcecode.swift; path = TimeLineTableViewCell.swift; sourceTree = "<group>"; };
		79372322235C91D100EC1344 /* ProgrammeDetails.storyboard */ = {isa = PBXFileReference; lastKnownFileType = file.storyboard; path = ProgrammeDetails.storyboard; sourceTree = "<group>"; };
		79372324235C931900EC1344 /* ProgrameDetailsVC.swift */ = {isa = PBXFileReference; lastKnownFileType = sourcecode.swift; path = ProgrameDetailsVC.swift; sourceTree = "<group>"; };
		79372327235CAB5500EC1344 /* Notes.xcdatamodel */ = {isa = PBXFileReference; lastKnownFileType = wrapper.xcdatamodel; path = Notes.xcdatamodel; sourceTree = "<group>"; };
		794FA329235757E000D7B2B1 /* SpeakerTableViewCell.swift */ = {isa = PBXFileReference; lastKnownFileType = sourcecode.swift; path = SpeakerTableViewCell.swift; sourceTree = "<group>"; };
		794FA32C2357649A00D7B2B1 /* Sponsor.storyboard */ = {isa = PBXFileReference; lastKnownFileType = file.storyboard; path = Sponsor.storyboard; sourceTree = "<group>"; };
		794FA32E235765B000D7B2B1 /* SponsorVC.swift */ = {isa = PBXFileReference; lastKnownFileType = sourcecode.swift; path = SponsorVC.swift; sourceTree = "<group>"; };
		794FA3302357664400D7B2B1 /* SponsorTableViewCell.swift */ = {isa = PBXFileReference; lastKnownFileType = sourcecode.swift; path = SponsorTableViewCell.swift; sourceTree = "<group>"; };
		794FA33323576B3F00D7B2B1 /* BoothBook.storyboard */ = {isa = PBXFileReference; lastKnownFileType = file.storyboard; path = BoothBook.storyboard; sourceTree = "<group>"; };
		794FA33523576BF400D7B2B1 /* BoothBookTableViewCell.swift */ = {isa = PBXFileReference; lastKnownFileType = sourcecode.swift; path = BoothBookTableViewCell.swift; sourceTree = "<group>"; };
		794FA33723576C1300D7B2B1 /* BoothBookVC.swift */ = {isa = PBXFileReference; lastKnownFileType = sourcecode.swift; path = BoothBookVC.swift; sourceTree = "<group>"; };
		796A87A323606B7100F50059 /* MetaVC.swift */ = {isa = PBXFileReference; lastKnownFileType = sourcecode.swift; path = MetaVC.swift; sourceTree = "<group>"; };
		79C16FCF2356290100595E61 /* HomeViewController.swift */ = {isa = PBXFileReference; lastKnownFileType = sourcecode.swift; path = HomeViewController.swift; sourceTree = "<group>"; };
		79D7957D23570CC400DC7D00 /* Programme.storyboard */ = {isa = PBXFileReference; lastKnownFileType = file.storyboard; path = Programme.storyboard; sourceTree = "<group>"; };
		79D7957F2357131600DC7D00 /* ProgrammeVC.swift */ = {isa = PBXFileReference; lastKnownFileType = sourcecode.swift; path = ProgrammeVC.swift; sourceTree = "<group>"; };
		79D795812357137200DC7D00 /* PrgogrammeCell.swift */ = {isa = PBXFileReference; lastKnownFileType = sourcecode.swift; path = PrgogrammeCell.swift; sourceTree = "<group>"; };
		79D795832357204300DC7D00 /* StringExtension.swift */ = {isa = PBXFileReference; lastKnownFileType = sourcecode.swift; path = StringExtension.swift; sourceTree = "<group>"; };
		79D795862357271E00DC7D00 /* Speaker.storyboard */ = {isa = PBXFileReference; lastKnownFileType = file.storyboard; path = Speaker.storyboard; sourceTree = "<group>"; };
		79D795882357274600DC7D00 /* SpeakerVC.swift */ = {isa = PBXFileReference; lastKnownFileType = sourcecode.swift; path = SpeakerVC.swift; sourceTree = "<group>"; };
		79DF0F302355AF5F00ECBD93 /* ServerOperations.swift */ = {isa = PBXFileReference; lastKnownFileType = sourcecode.swift; path = ServerOperations.swift; sourceTree = "<group>"; };
		79DF0F332355BA0A00ECBD93 /* Programme.swift */ = {isa = PBXFileReference; lastKnownFileType = sourcecode.swift; path = Programme.swift; sourceTree = "<group>"; };
		79DF0F352355BA5A00ECBD93 /* Attendance.swift */ = {isa = PBXFileReference; lastKnownFileType = sourcecode.swift; path = Attendance.swift; sourceTree = "<group>"; };
		79DF0F372355BA7F00ECBD93 /* Booth.swift */ = {isa = PBXFileReference; lastKnownFileType = sourcecode.swift; path = Booth.swift; sourceTree = "<group>"; };
		79DF0F392355BAA900ECBD93 /* BoothBook.swift */ = {isa = PBXFileReference; lastKnownFileType = sourcecode.swift; path = BoothBook.swift; sourceTree = "<group>"; };
		79DF0F3B2355BAD600ECBD93 /* Employee.swift */ = {isa = PBXFileReference; lastKnownFileType = sourcecode.swift; path = Employee.swift; sourceTree = "<group>"; };
		79DF0F3D2355BB0F00ECBD93 /* Guest.swift */ = {isa = PBXFileReference; lastKnownFileType = sourcecode.swift; path = Guest.swift; sourceTree = "<group>"; };
		79DF0F3F2355BB3B00ECBD93 /* MetaAssist.swift */ = {isa = PBXFileReference; lastKnownFileType = sourcecode.swift; path = MetaAssist.swift; sourceTree = "<group>"; };
		79DF0F412355BB7600ECBD93 /* Question.swift */ = {isa = PBXFileReference; lastKnownFileType = sourcecode.swift; path = Question.swift; sourceTree = "<group>"; };
		79DF0F432355BB9C00ECBD93 /* Room.swift */ = {isa = PBXFileReference; lastKnownFileType = sourcecode.swift; path = Room.swift; sourceTree = "<group>"; };
		79DF0F452355BBB500ECBD93 /* Speaker.swift */ = {isa = PBXFileReference; lastKnownFileType = sourcecode.swift; path = Speaker.swift; sourceTree = "<group>"; };
		79DF0F472355BBCD00ECBD93 /* Sponsor.swift */ = {isa = PBXFileReference; lastKnownFileType = sourcecode.swift; path = Sponsor.swift; sourceTree = "<group>"; };
		79DF0F492355BBEA00ECBD93 /* Timeline.swift */ = {isa = PBXFileReference; lastKnownFileType = sourcecode.swift; path = Timeline.swift; sourceTree = "<group>"; };
		79DF0F4C2355C8B800ECBD93 /* AppUIView.swift */ = {isa = PBXFileReference; lastKnownFileType = sourcecode.swift; path = AppUIView.swift; sourceTree = "<group>"; };
		79DF0F4E2355CA9000ECBD93 /* RoundedImage.swift */ = {isa = PBXFileReference; lastKnownFileType = sourcecode.swift; path = RoundedImage.swift; sourceTree = "<group>"; };
		79DF0F512355CEF900ECBD93 /* TypeCollectionViewCell.swift */ = {isa = PBXFileReference; lastKnownFileType = sourcecode.swift; path = TypeCollectionViewCell.swift; sourceTree = "<group>"; };
		79DF0F532355DA7F00ECBD93 /* RoundedUIButton.swift */ = {isa = PBXFileReference; lastKnownFileType = sourcecode.swift; path = RoundedUIButton.swift; sourceTree = "<group>"; };
		79DF0F552355DB3300ECBD93 /* AppTextField.swift */ = {isa = PBXFileReference; lastKnownFileType = sourcecode.swift; path = AppTextField.swift; sourceTree = "<group>"; };
		79DF0F582355DDA900ECBD93 /* SpeakerLoginVC.swift */ = {isa = PBXFileReference; lastKnownFileType = sourcecode.swift; path = SpeakerLoginVC.swift; sourceTree = "<group>"; };
		79DF0F5A2355DDB800ECBD93 /* CompanyLoginVC.swift */ = {isa = PBXFileReference; lastKnownFileType = sourcecode.swift; path = CompanyLoginVC.swift; sourceTree = "<group>"; };
		79DF0F5C2355DDCE00ECBD93 /* GuestLoginVC.swift */ = {isa = PBXFileReference; lastKnownFileType = sourcecode.swift; path = GuestLoginVC.swift; sourceTree = "<group>"; };
		79DF0F5E2355EBA500ECBD93 /* GuestRegisterVC.swift */ = {isa = PBXFileReference; lastKnownFileType = sourcecode.swift; path = GuestRegisterVC.swift; sourceTree = "<group>"; };
		79DF0F61235604AC00ECBD93 /* Home.storyboard */ = {isa = PBXFileReference; lastKnownFileType = file.storyboard; path = Home.storyboard; sourceTree = "<group>"; };
		79E32F1923548178006E5AA1 /* eddw.app */ = {isa = PBXFileReference; explicitFileType = wrapper.application; includeInIndex = 0; path = eddw.app; sourceTree = BUILT_PRODUCTS_DIR; };
		79E32F1C23548178006E5AA1 /* AppDelegate.swift */ = {isa = PBXFileReference; lastKnownFileType = sourcecode.swift; path = AppDelegate.swift; sourceTree = "<group>"; };
		79E32F2123548178006E5AA1 /* Base */ = {isa = PBXFileReference; lastKnownFileType = file.storyboard; name = Base; path = Base.lproj/Main.storyboard; sourceTree = "<group>"; };
		79E32F232354817C006E5AA1 /* Assets.xcassets */ = {isa = PBXFileReference; lastKnownFileType = folder.assetcatalog; path = Assets.xcassets; sourceTree = "<group>"; };
		79E32F262354817C006E5AA1 /* Base */ = {isa = PBXFileReference; lastKnownFileType = file.storyboard; name = Base; path = Base.lproj/LaunchScreen.storyboard; sourceTree = "<group>"; };
		79E32F282354817C006E5AA1 /* Info.plist */ = {isa = PBXFileReference; lastKnownFileType = text.plist.xml; path = Info.plist; sourceTree = "<group>"; };
		79E32F2E235486C6006E5AA1 /* chooseController.swift */ = {isa = PBXFileReference; lastKnownFileType = sourcecode.swift; path = chooseController.swift; sourceTree = "<group>"; };
		79E32F342354A893006E5AA1 /* ViewExtension.swift */ = {isa = PBXFileReference; lastKnownFileType = sourcecode.swift; path = ViewExtension.swift; sourceTree = "<group>"; };
		79E32F372354AAB4006E5AA1 /* ViewControllerExtension.swift */ = {isa = PBXFileReference; lastKnownFileType = sourcecode.swift; path = ViewControllerExtension.swift; sourceTree = "<group>"; };
		A48AD65929D8333D6FC755C2 /* Pods-eddw.release.xcconfig */ = {isa = PBXFileReference; includeInIndex = 1; lastKnownFileType = text.xcconfig; name = "Pods-eddw.release.xcconfig"; path = "Target Support Files/Pods-eddw/Pods-eddw.release.xcconfig"; sourceTree = "<group>"; };
/* End PBXFileReference section */

/* Begin PBXFrameworksBuildPhase section */
		79E32F1623548178006E5AA1 /* Frameworks */ = {
			isa = PBXFrameworksBuildPhase;
			buildActionMask = 2147483647;
			files = (
				ED5FE34FE7486B6340145940 /* Pods_eddw.framework in Frameworks */,
			);
			runOnlyForDeploymentPostprocessing = 0;
		};
/* End PBXFrameworksBuildPhase section */

/* Begin PBXGroup section */
		35144BB27C752E02B265F4B2 /* Frameworks */ = {
			isa = PBXGroup;
			children = (
				33540F1F15662325940416AC /* Pods_eddw.framework */,
			);
			name = Frameworks;
			sourceTree = "<group>";
		};
		79160A31235F4AC5006EF922 /* MetaAssist */ = {
			isa = PBXGroup;
			children = (
				79160A32235F4AF1006EF922 /* Meta.storyboard */,
				796A87A323606B7100F50059 /* MetaVC.swift */,
			);
			path = MetaAssist;
			sourceTree = "<group>";
		};
		79270334235DC1940002D82B /* Notes */ = {
			isa = PBXGroup;
			children = (
				79270335235DC1A60002D82B /* Notes.storyboard */,
				79270337235DC2110002D82B /* NotesVC.swift */,
			);
			path = Notes;
			sourceTree = "<group>";
		};
		7937231A235C862300EC1344 /* TimeLine */ = {
			isa = PBXGroup;
			children = (
				7937231B235C863C00EC1344 /* TimeLine.storyboard */,
				7937231D235C867900EC1344 /* TimeLineVC.swift */,
				7937231F235C878400EC1344 /* TimeLineTableViewCell.swift */,
			);
			path = TimeLine;
			sourceTree = "<group>";
		};
		79372321235C91BB00EC1344 /* Programme Detail */ = {
			isa = PBXGroup;
			children = (
				79372322235C91D100EC1344 /* ProgrammeDetails.storyboard */,
				79372324235C931900EC1344 /* ProgrameDetailsVC.swift */,
			);
			path = "Programme Detail";
			sourceTree = "<group>";
		};
		794FA32B2357647000D7B2B1 /* Sponsor */ = {
			isa = PBXGroup;
			children = (
				794FA32C2357649A00D7B2B1 /* Sponsor.storyboard */,
				794FA32E235765B000D7B2B1 /* SponsorVC.swift */,
				794FA3302357664400D7B2B1 /* SponsorTableViewCell.swift */,
			);
			path = Sponsor;
			sourceTree = "<group>";
		};
		794FA33223576B2900D7B2B1 /* BoothBook */ = {
			isa = PBXGroup;
			children = (
				794FA33323576B3F00D7B2B1 /* BoothBook.storyboard */,
				794FA33523576BF400D7B2B1 /* BoothBookTableViewCell.swift */,
				794FA33723576C1300D7B2B1 /* BoothBookVC.swift */,
			);
			path = BoothBook;
			sourceTree = "<group>";
		};
		79D7957C23570C9C00DC7D00 /* Programme */ = {
			isa = PBXGroup;
			children = (
				79D7957D23570CC400DC7D00 /* Programme.storyboard */,
				79D7957F2357131600DC7D00 /* ProgrammeVC.swift */,
				79D795812357137200DC7D00 /* PrgogrammeCell.swift */,
			);
			path = Programme;
			sourceTree = "<group>";
		};
		79D79585235726F400DC7D00 /* Speaker */ = {
			isa = PBXGroup;
			children = (
				79D795862357271E00DC7D00 /* Speaker.storyboard */,
				79D795882357274600DC7D00 /* SpeakerVC.swift */,
				794FA329235757E000D7B2B1 /* SpeakerTableViewCell.swift */,
			);
			path = Speaker;
			sourceTree = "<group>";
		};
		79DF0F2F2355AAE500ECBD93 /* Controller */ = {
			isa = PBXGroup;
			children = (
				79DF0F302355AF5F00ECBD93 /* ServerOperations.swift */,
				79270332235DB2070002D82B /* DBOperations.swift */,
			);
			path = Controller;
			sourceTree = "<group>";
		};
		79DF0F322355B9E400ECBD93 /* Models */ = {
			isa = PBXGroup;
			children = (
				79DF0F332355BA0A00ECBD93 /* Programme.swift */,
				79DF0F352355BA5A00ECBD93 /* Attendance.swift */,
				79DF0F372355BA7F00ECBD93 /* Booth.swift */,
				79DF0F392355BAA900ECBD93 /* BoothBook.swift */,
				79DF0F3B2355BAD600ECBD93 /* Employee.swift */,
				79DF0F3D2355BB0F00ECBD93 /* Guest.swift */,
				79DF0F3F2355BB3B00ECBD93 /* MetaAssist.swift */,
				79DF0F412355BB7600ECBD93 /* Question.swift */,
				79DF0F432355BB9C00ECBD93 /* Room.swift */,
				79DF0F452355BBB500ECBD93 /* Speaker.swift */,
				79DF0F472355BBCD00ECBD93 /* Sponsor.swift */,
				79DF0F492355BBEA00ECBD93 /* Timeline.swift */,
			);
			path = Models;
			sourceTree = "<group>";
		};
		79DF0F4B2355C89100ECBD93 /* UI */ = {
			isa = PBXGroup;
			children = (
				79DF0F4C2355C8B800ECBD93 /* AppUIView.swift */,
				79DF0F4E2355CA9000ECBD93 /* RoundedImage.swift */,
				79DF0F532355DA7F00ECBD93 /* RoundedUIButton.swift */,
				79DF0F552355DB3300ECBD93 /* AppTextField.swift */,
			);
			path = UI;
			sourceTree = "<group>";
		};
		79DF0F502355CB2C00ECBD93 /* Views */ = {
			isa = PBXGroup;
			children = (
				79160A31235F4AC5006EF922 /* MetaAssist */,
				79270334235DC1940002D82B /* Notes */,
				79372321235C91BB00EC1344 /* Programme Detail */,
				7937231A235C862300EC1344 /* TimeLine */,
				794FA33223576B2900D7B2B1 /* BoothBook */,
				794FA32B2357647000D7B2B1 /* Sponsor */,
				79D79585235726F400DC7D00 /* Speaker */,
				79D7957C23570C9C00DC7D00 /* Programme */,
				79DF0F602356049800ECBD93 /* Home */,
				79DF0F572355DD8200ECBD93 /* Choose Type */,
			);
			path = Views;
			sourceTree = "<group>";
		};
		79DF0F572355DD8200ECBD93 /* Choose Type */ = {
			isa = PBXGroup;
			children = (
				79E32F2023548178006E5AA1 /* Main.storyboard */,
				79E32F2E235486C6006E5AA1 /* chooseController.swift */,
				79DF0F512355CEF900ECBD93 /* TypeCollectionViewCell.swift */,
				79DF0F582355DDA900ECBD93 /* SpeakerLoginVC.swift */,
				79DF0F5A2355DDB800ECBD93 /* CompanyLoginVC.swift */,
				79DF0F5C2355DDCE00ECBD93 /* GuestLoginVC.swift */,
				79DF0F5E2355EBA500ECBD93 /* GuestRegisterVC.swift */,
			);
			path = "Choose Type";
			sourceTree = "<group>";
		};
		79DF0F602356049800ECBD93 /* Home */ = {
			isa = PBXGroup;
			children = (
				79DF0F61235604AC00ECBD93 /* Home.storyboard */,
				79C16FCF2356290100595E61 /* HomeViewController.swift */,
			);
			path = Home;
			sourceTree = "<group>";
		};
		79E32F1023548178006E5AA1 = {
			isa = PBXGroup;
			children = (
				79E32F1B23548178006E5AA1 /* eddw */,
				79E32F1A23548178006E5AA1 /* Products */,
				EA4A7BE6DB2C8B276963E4CB /* Pods */,
				35144BB27C752E02B265F4B2 /* Frameworks */,
			);
			sourceTree = "<group>";
		};
		79E32F1A23548178006E5AA1 /* Products */ = {
			isa = PBXGroup;
			children = (
				79E32F1923548178006E5AA1 /* eddw.app */,
			);
			name = Products;
			sourceTree = "<group>";
		};
		79E32F1B23548178006E5AA1 /* eddw */ = {
			isa = PBXGroup;
			children = (
				79DF0F502355CB2C00ECBD93 /* Views */,
				79DF0F4B2355C89100ECBD93 /* UI */,
				79DF0F322355B9E400ECBD93 /* Models */,
				79DF0F2F2355AAE500ECBD93 /* Controller */,
				79E32F362354A89B006E5AA1 /* Extensions */,
				79E32F1C23548178006E5AA1 /* AppDelegate.swift */,
				79E32F232354817C006E5AA1 /* Assets.xcassets */,
				79E32F252354817C006E5AA1 /* LaunchScreen.storyboard */,
				79E32F282354817C006E5AA1 /* Info.plist */,
				79372326235CAB5500EC1344 /* Notes.xcdatamodeld */,
			);
			path = eddw;
			sourceTree = "<group>";
		};
		79E32F362354A89B006E5AA1 /* Extensions */ = {
			isa = PBXGroup;
			children = (
				79E32F342354A893006E5AA1 /* ViewExtension.swift */,
				79E32F372354AAB4006E5AA1 /* ViewControllerExtension.swift */,
				79D795832357204300DC7D00 /* StringExtension.swift */,
			);
			path = Extensions;
			sourceTree = "<group>";
		};
		EA4A7BE6DB2C8B276963E4CB /* Pods */ = {
			isa = PBXGroup;
			children = (
				56D89CFED6E80528EB09FB53 /* Pods-eddw.debug.xcconfig */,
				A48AD65929D8333D6FC755C2 /* Pods-eddw.release.xcconfig */,
			);
			path = Pods;
			sourceTree = "<group>";
		};
/* End PBXGroup section */

/* Begin PBXNativeTarget section */
		79E32F1823548178006E5AA1 /* eddw */ = {
			isa = PBXNativeTarget;
			buildConfigurationList = 79E32F2B2354817C006E5AA1 /* Build configuration list for PBXNativeTarget "eddw" */;
			buildPhases = (
				AB3961AC1448E8022E662696 /* [CP] Check Pods Manifest.lock */,
				79E32F1523548178006E5AA1 /* Sources */,
				79E32F1623548178006E5AA1 /* Frameworks */,
				79E32F1723548178006E5AA1 /* Resources */,
				E6720CD83B84D5170FB6DC0F /* [CP] Embed Pods Frameworks */,
			);
			buildRules = (
			);
			dependencies = (
			);
			name = eddw;
			productName = eddw;
			productReference = 79E32F1923548178006E5AA1 /* eddw.app */;
			productType = "com.apple.product-type.application";
		};
/* End PBXNativeTarget section */

/* Begin PBXProject section */
		79E32F1123548178006E5AA1 /* Project object */ = {
			isa = PBXProject;
			attributes = {
				LastSwiftUpdateCheck = 1010;
				LastUpgradeCheck = 1010;
				ORGANIZATIONNAME = innovationcodes;
				TargetAttributes = {
					79E32F1823548178006E5AA1 = {
						CreatedOnToolsVersion = 10.1;
						LastSwiftMigration = 1110;
					};
				};
			};
			buildConfigurationList = 79E32F1423548178006E5AA1 /* Build configuration list for PBXProject "eddw" */;
			compatibilityVersion = "Xcode 9.3";
			developmentRegion = en;
			hasScannedForEncodings = 0;
			knownRegions = (
				en,
				Base,
			);
			mainGroup = 79E32F1023548178006E5AA1;
			productRefGroup = 79E32F1A23548178006E5AA1 /* Products */;
			projectDirPath = "";
			projectRoot = "";
			targets = (
				79E32F1823548178006E5AA1 /* eddw */,
			);
		};
/* End PBXProject section */

/* Begin PBXResourcesBuildPhase section */
		79E32F1723548178006E5AA1 /* Resources */ = {
			isa = PBXResourcesBuildPhase;
			buildActionMask = 2147483647;
			files = (
				7937231C235C863C00EC1344 /* TimeLine.storyboard in Resources */,
				794FA32D2357649A00D7B2B1 /* Sponsor.storyboard in Resources */,
				79E32F272354817C006E5AA1 /* LaunchScreen.storyboard in Resources */,
				794FA33423576B3F00D7B2B1 /* BoothBook.storyboard in Resources */,
				79E32F242354817C006E5AA1 /* Assets.xcassets in Resources */,
				79E32F2223548178006E5AA1 /* Main.storyboard in Resources */,
				79372323235C91D100EC1344 /* ProgrammeDetails.storyboard in Resources */,
				79D7957E23570CC400DC7D00 /* Programme.storyboard in Resources */,
				79D795872357271E00DC7D00 /* Speaker.storyboard in Resources */,
				79160A33235F4AF1006EF922 /* Meta.storyboard in Resources */,
				79270336235DC1A60002D82B /* Notes.storyboard in Resources */,
				79DF0F62235604AC00ECBD93 /* Home.storyboard in Resources */,
			);
			runOnlyForDeploymentPostprocessing = 0;
		};
/* End PBXResourcesBuildPhase section */

/* Begin PBXShellScriptBuildPhase section */
		AB3961AC1448E8022E662696 /* [CP] Check Pods Manifest.lock */ = {
			isa = PBXShellScriptBuildPhase;
			buildActionMask = 2147483647;
			files = (
			);
			inputFileListPaths = (
			);
			inputPaths = (
				"${PODS_PODFILE_DIR_PATH}/Podfile.lock",
				"${PODS_ROOT}/Manifest.lock",
			);
			name = "[CP] Check Pods Manifest.lock";
			outputFileListPaths = (
			);
			outputPaths = (
				"$(DERIVED_FILE_DIR)/Pods-eddw-checkManifestLockResult.txt",
			);
			runOnlyForDeploymentPostprocessing = 0;
			shellPath = /bin/sh;
			shellScript = "diff \"${PODS_PODFILE_DIR_PATH}/Podfile.lock\" \"${PODS_ROOT}/Manifest.lock\" > /dev/null\nif [ $? != 0 ] ; then\n    # print error to STDERR\n    echo \"error: The sandbox is not in sync with the Podfile.lock. Run 'pod install' or update your CocoaPods installation.\" >&2\n    exit 1\nfi\n# This output is used by Xcode 'outputs' to avoid re-running this script phase.\necho \"SUCCESS\" > \"${SCRIPT_OUTPUT_FILE_0}\"\n";
			showEnvVarsInLog = 0;
		};
		E6720CD83B84D5170FB6DC0F /* [CP] Embed Pods Frameworks */ = {
			isa = PBXShellScriptBuildPhase;
			buildActionMask = 2147483647;
			files = (
			);
			inputFileListPaths = (
				"${PODS_ROOT}/Target Support Files/Pods-eddw/Pods-eddw-frameworks-${CONFIGURATION}-input-files.xcfilelist",
			);
			name = "[CP] Embed Pods Frameworks";
			outputFileListPaths = (
				"${PODS_ROOT}/Target Support Files/Pods-eddw/Pods-eddw-frameworks-${CONFIGURATION}-output-files.xcfilelist",
			);
			runOnlyForDeploymentPostprocessing = 0;
			shellPath = /bin/sh;
			shellScript = "\"${PODS_ROOT}/Target Support Files/Pods-eddw/Pods-eddw-frameworks.sh\"\n";
			showEnvVarsInLog = 0;
		};
/* End PBXShellScriptBuildPhase section */

/* Begin PBXSourcesBuildPhase section */
		79E32F1523548178006E5AA1 /* Sources */ = {
			isa = PBXSourcesBuildPhase;
			buildActionMask = 2147483647;
			files = (
				79DF0F592355DDA900ECBD93 /* SpeakerLoginVC.swift in Sources */,
				79DF0F522355CEF900ECBD93 /* TypeCollectionViewCell.swift in Sources */,
				79D795842357204300DC7D00 /* StringExtension.swift in Sources */,
				794FA32A235757E000D7B2B1 /* SpeakerTableViewCell.swift in Sources */,
				79DF0F5D2355DDCE00ECBD93 /* GuestLoginVC.swift in Sources */,
				79DF0F342355BA0A00ECBD93 /* Programme.swift in Sources */,
				79DF0F3E2355BB0F00ECBD93 /* Guest.swift in Sources */,
				7937231E235C867900EC1344 /* TimeLineVC.swift in Sources */,
				79DF0F4D2355C8B800ECBD93 /* AppUIView.swift in Sources */,
				794FA33823576C1300D7B2B1 /* BoothBookVC.swift in Sources */,
				79DF0F442355BB9C00ECBD93 /* Room.swift in Sources */,
				79372328235CAB5500EC1344 /* Notes.xcdatamodeld in Sources */,
				79DF0F3A2355BAA900ECBD93 /* BoothBook.swift in Sources */,
				79270333235DB2070002D82B /* DBOperations.swift in Sources */,
				794FA3312357664400D7B2B1 /* SponsorTableViewCell.swift in Sources */,
				79E32F382354AAB4006E5AA1 /* ViewControllerExtension.swift in Sources */,
				79DF0F5B2355DDB800ECBD93 /* CompanyLoginVC.swift in Sources */,
				79DF0F3C2355BAD600ECBD93 /* Employee.swift in Sources */,
				79372325235C931900EC1344 /* ProgrameDetailsVC.swift in Sources */,
				79DF0F402355BB3B00ECBD93 /* MetaAssist.swift in Sources */,
				79DF0F382355BA7F00ECBD93 /* Booth.swift in Sources */,
				79DF0F312355AF5F00ECBD93 /* ServerOperations.swift in Sources */,
				79C16FD02356290100595E61 /* HomeViewController.swift in Sources */,
				79DF0F562355DB3300ECBD93 /* AppTextField.swift in Sources */,
				79DF0F422355BB7600ECBD93 /* Question.swift in Sources */,
				79372320235C878400EC1344 /* TimeLineTableViewCell.swift in Sources */,
				79DF0F4F2355CA9000ECBD93 /* RoundedImage.swift in Sources */,
				79DF0F4A2355BBEA00ECBD93 /* Timeline.swift in Sources */,
				79DF0F542355DA7F00ECBD93 /* RoundedUIButton.swift in Sources */,
				79D795822357137200DC7D00 /* PrgogrammeCell.swift in Sources */,
				79DF0F362355BA5A00ECBD93 /* Attendance.swift in Sources */,
				79E32F2F235486C6006E5AA1 /* chooseController.swift in Sources */,
				794FA32F235765B000D7B2B1 /* SponsorVC.swift in Sources */,
				79DF0F482355BBCD00ECBD93 /* Sponsor.swift in Sources */,
				796A87A423606B7100F50059 /* MetaVC.swift in Sources */,
				79D795892357274600DC7D00 /* SpeakerVC.swift in Sources */,
				79DF0F462355BBB500ECBD93 /* Speaker.swift in Sources */,
				79E32F1D23548178006E5AA1 /* AppDelegate.swift in Sources */,
				79DF0F5F2355EBA500ECBD93 /* GuestRegisterVC.swift in Sources */,
				79E32F352354A893006E5AA1 /* ViewExtension.swift in Sources */,
				794FA33623576BF400D7B2B1 /* BoothBookTableViewCell.swift in Sources */,
				79270338235DC2110002D82B /* NotesVC.swift in Sources */,
				79D795802357131600DC7D00 /* ProgrammeVC.swift in Sources */,
			);
			runOnlyForDeploymentPostprocessing = 0;
		};
/* End PBXSourcesBuildPhase section */

/* Begin PBXVariantGroup section */
		79E32F2023548178006E5AA1 /* Main.storyboard */ = {
			isa = PBXVariantGroup;
			children = (
				79E32F2123548178006E5AA1 /* Base */,
			);
			name = Main.storyboard;
			sourceTree = "<group>";
		};
		79E32F252354817C006E5AA1 /* LaunchScreen.storyboard */ = {
			isa = PBXVariantGroup;
			children = (
				79E32F262354817C006E5AA1 /* Base */,
			);
			name = LaunchScreen.storyboard;
			sourceTree = "<group>";
		};
/* End PBXVariantGroup section */

/* Begin XCBuildConfiguration section */
		79E32F292354817C006E5AA1 /* Debug */ = {
			isa = XCBuildConfiguration;
			buildSettings = {
				ALWAYS_SEARCH_USER_PATHS = NO;
				CLANG_ANALYZER_NONNULL = YES;
				CLANG_ANALYZER_NUMBER_OBJECT_CONVERSION = YES_AGGRESSIVE;
				CLANG_CXX_LANGUAGE_STANDARD = "gnu++14";
				CLANG_CXX_LIBRARY = "libc++";
				CLANG_ENABLE_MODULES = YES;
				CLANG_ENABLE_OBJC_ARC = YES;
				CLANG_ENABLE_OBJC_WEAK = YES;
				CLANG_WARN_BLOCK_CAPTURE_AUTORELEASING = YES;
				CLANG_WARN_BOOL_CONVERSION = YES;
				CLANG_WARN_COMMA = YES;
				CLANG_WARN_CONSTANT_CONVERSION = YES;
				CLANG_WARN_DEPRECATED_OBJC_IMPLEMENTATIONS = YES;
				CLANG_WARN_DIRECT_OBJC_ISA_USAGE = YES_ERROR;
				CLANG_WARN_DOCUMENTATION_COMMENTS = YES;
				CLANG_WARN_EMPTY_BODY = YES;
				CLANG_WARN_ENUM_CONVERSION = YES;
				CLANG_WARN_INFINITE_RECURSION = YES;
				CLANG_WARN_INT_CONVERSION = YES;
				CLANG_WARN_NON_LITERAL_NULL_CONVERSION = YES;
				CLANG_WARN_OBJC_IMPLICIT_RETAIN_SELF = YES;
				CLANG_WARN_OBJC_LITERAL_CONVERSION = YES;
				CLANG_WARN_OBJC_ROOT_CLASS = YES_ERROR;
				CLANG_WARN_RANGE_LOOP_ANALYSIS = YES;
				CLANG_WARN_STRICT_PROTOTYPES = YES;
				CLANG_WARN_SUSPICIOUS_MOVE = YES;
				CLANG_WARN_UNGUARDED_AVAILABILITY = YES_AGGRESSIVE;
				CLANG_WARN_UNREACHABLE_CODE = YES;
				CLANG_WARN__DUPLICATE_METHOD_MATCH = YES;
				CODE_SIGN_IDENTITY = "iPhone Developer";
				COPY_PHASE_STRIP = NO;
				DEBUG_INFORMATION_FORMAT = dwarf;
				ENABLE_STRICT_OBJC_MSGSEND = YES;
				ENABLE_TESTABILITY = YES;
				GCC_C_LANGUAGE_STANDARD = gnu11;
				GCC_DYNAMIC_NO_PIC = NO;
				GCC_NO_COMMON_BLOCKS = YES;
				GCC_OPTIMIZATION_LEVEL = 0;
				GCC_PREPROCESSOR_DEFINITIONS = (
					"DEBUG=1",
					"$(inherited)",
				);
				GCC_WARN_64_TO_32_BIT_CONVERSION = YES;
				GCC_WARN_ABOUT_RETURN_TYPE = YES_ERROR;
				GCC_WARN_UNDECLARED_SELECTOR = YES;
				GCC_WARN_UNINITIALIZED_AUTOS = YES_AGGRESSIVE;
				GCC_WARN_UNUSED_FUNCTION = YES;
				GCC_WARN_UNUSED_VARIABLE = YES;
				IPHONEOS_DEPLOYMENT_TARGET = 12.0;
				MTL_ENABLE_DEBUG_INFO = INCLUDE_SOURCE;
				MTL_FAST_MATH = YES;
				ONLY_ACTIVE_ARCH = YES;
				SDKROOT = iphoneos;
				SWIFT_ACTIVE_COMPILATION_CONDITIONS = DEBUG;
				SWIFT_OPTIMIZATION_LEVEL = "-Onone";
			};
			name = Debug;
		};
		79E32F2A2354817C006E5AA1 /* Release */ = {
			isa = XCBuildConfiguration;
			buildSettings = {
				ALWAYS_SEARCH_USER_PATHS = NO;
				CLANG_ANALYZER_NONNULL = YES;
				CLANG_ANALYZER_NUMBER_OBJECT_CONVERSION = YES_AGGRESSIVE;
				CLANG_CXX_LANGUAGE_STANDARD = "gnu++14";
				CLANG_CXX_LIBRARY = "libc++";
				CLANG_ENABLE_MODULES = YES;
				CLANG_ENABLE_OBJC_ARC = YES;
				CLANG_ENABLE_OBJC_WEAK = YES;
				CLANG_WARN_BLOCK_CAPTURE_AUTORELEASING = YES;
				CLANG_WARN_BOOL_CONVERSION = YES;
				CLANG_WARN_COMMA = YES;
				CLANG_WARN_CONSTANT_CONVERSION = YES;
				CLANG_WARN_DEPRECATED_OBJC_IMPLEMENTATIONS = YES;
				CLANG_WARN_DIRECT_OBJC_ISA_USAGE = YES_ERROR;
				CLANG_WARN_DOCUMENTATION_COMMENTS = YES;
				CLANG_WARN_EMPTY_BODY = YES;
				CLANG_WARN_ENUM_CONVERSION = YES;
				CLANG_WARN_INFINITE_RECURSION = YES;
				CLANG_WARN_INT_CONVERSION = YES;
				CLANG_WARN_NON_LITERAL_NULL_CONVERSION = YES;
				CLANG_WARN_OBJC_IMPLICIT_RETAIN_SELF = YES;
				CLANG_WARN_OBJC_LITERAL_CONVERSION = YES;
				CLANG_WARN_OBJC_ROOT_CLASS = YES_ERROR;
				CLANG_WARN_RANGE_LOOP_ANALYSIS = YES;
				CLANG_WARN_STRICT_PROTOTYPES = YES;
				CLANG_WARN_SUSPICIOUS_MOVE = YES;
				CLANG_WARN_UNGUARDED_AVAILABILITY = YES_AGGRESSIVE;
				CLANG_WARN_UNREACHABLE_CODE = YES;
				CLANG_WARN__DUPLICATE_METHOD_MATCH = YES;
				CODE_SIGN_IDENTITY = "iPhone Developer";
				COPY_PHASE_STRIP = NO;
				DEBUG_INFORMATION_FORMAT = "dwarf-with-dsym";
				ENABLE_NS_ASSERTIONS = NO;
				ENABLE_STRICT_OBJC_MSGSEND = YES;
				GCC_C_LANGUAGE_STANDARD = gnu11;
				GCC_NO_COMMON_BLOCKS = YES;
				GCC_WARN_64_TO_32_BIT_CONVERSION = YES;
				GCC_WARN_ABOUT_RETURN_TYPE = YES_ERROR;
				GCC_WARN_UNDECLARED_SELECTOR = YES;
				GCC_WARN_UNINITIALIZED_AUTOS = YES_AGGRESSIVE;
				GCC_WARN_UNUSED_FUNCTION = YES;
				GCC_WARN_UNUSED_VARIABLE = YES;
				IPHONEOS_DEPLOYMENT_TARGET = 12.0;
				MTL_ENABLE_DEBUG_INFO = NO;
				MTL_FAST_MATH = YES;
				SDKROOT = iphoneos;
				SWIFT_COMPILATION_MODE = wholemodule;
				SWIFT_OPTIMIZATION_LEVEL = "-O";
				VALIDATE_PRODUCT = YES;
			};
			name = Release;
		};
		79E32F2C2354817C006E5AA1 /* Debug */ = {
			isa = XCBuildConfiguration;
			baseConfigurationReference = 56D89CFED6E80528EB09FB53 /* Pods-eddw.debug.xcconfig */;
			buildSettings = {
				ASSETCATALOG_COMPILER_APPICON_NAME = AppIcon;
				CODE_SIGN_STYLE = Automatic;
				DEVELOPMENT_TEAM = 8D7537UA9J;
				INFOPLIST_FILE = eddw/Info.plist;
				LD_RUNPATH_SEARCH_PATHS = (
					"$(inherited)",
					"@executable_path/Frameworks",
				);
				PRODUCT_BUNDLE_IDENTIFIER = innovationcodes.com.eddw;
				PRODUCT_NAME = "$(TARGET_NAME)";
				SWIFT_VERSION = 5.0;
				TARGETED_DEVICE_FAMILY = "1,2";
			};
			name = Debug;
		};
		79E32F2D2354817C006E5AA1 /* Release */ = {
			isa = XCBuildConfiguration;
			baseConfigurationReference = A48AD65929D8333D6FC755C2 /* Pods-eddw.release.xcconfig */;
			buildSettings = {
				ASSETCATALOG_COMPILER_APPICON_NAME = AppIcon;
				CODE_SIGN_STYLE = Automatic;
				DEVELOPMENT_TEAM = 8D7537UA9J;
				INFOPLIST_FILE = eddw/Info.plist;
				LD_RUNPATH_SEARCH_PATHS = (
					"$(inherited)",
					"@executable_path/Frameworks",
				);
				PRODUCT_BUNDLE_IDENTIFIER = innovationcodes.com.eddw;
				PRODUCT_NAME = "$(TARGET_NAME)";
				SWIFT_VERSION = 5.0;
				TARGETED_DEVICE_FAMILY = "1,2";
			};
			name = Release;
		};
/* End XCBuildConfiguration section */

/* Begin XCConfigurationList section */
		79E32F1423548178006E5AA1 /* Build configuration list for PBXProject "eddw" */ = {
			isa = XCConfigurationList;
			buildConfigurations = (
				79E32F292354817C006E5AA1 /* Debug */,
				79E32F2A2354817C006E5AA1 /* Release */,
			);
			defaultConfigurationIsVisible = 0;
			defaultConfigurationName = Release;
		};
		79E32F2B2354817C006E5AA1 /* Build configuration list for PBXNativeTarget "eddw" */ = {
			isa = XCConfigurationList;
			buildConfigurations = (
				79E32F2C2354817C006E5AA1 /* Debug */,
				79E32F2D2354817C006E5AA1 /* Release */,
			);
			defaultConfigurationIsVisible = 0;
			defaultConfigurationName = Release;
		};
/* End XCConfigurationList section */

/* Begin XCVersionGroup section */
		79372326235CAB5500EC1344 /* Notes.xcdatamodeld */ = {
			isa = XCVersionGroup;
			children = (
				79372327235CAB5500EC1344 /* Notes.xcdatamodel */,
			);
			currentVersion = 79372327235CAB5500EC1344 /* Notes.xcdatamodel */;
			path = Notes.xcdatamodeld;
			sourceTree = "<group>";
			versionGroupType = wrapper.xcdatamodel;
		};
/* End XCVersionGroup section */
	};
	rootObject = 79E32F1123548178006E5AA1 /* Project object */;
}
